// !$*UTF8*$!
{
	archiveVersion = 1;
	classes = {
	};
	objectVersion = 46;
	objects = {

/* Begin PBXBuildFile section */
		0144DF1A18A81EE40031514A /* Foundation.framework in Frameworks */ = {isa = PBXBuildFile; fileRef = 0144DF1918A81EE40031514A /* Foundation.framework */; };
		0144DF2518A81EE40031514A /* Practique.mm in Sources */ = {isa = PBXBuildFile; fileRef = 0144DF2418A81EE40031514A /* Practique.mm */; };
		0144DF3018A81F390031514A /* libsubstrate.dylib in Frameworks */ = {isa = PBXBuildFile; fileRef = 0144DF2F18A81F390031514A /* libsubstrate.dylib */; };
		0144DF3218A81FF40031514A /* UIKit.framework in Frameworks */ = {isa = PBXBuildFile; fileRef = 0144DF3118A81FF40031514A /* UIKit.framework */; };
		0144DF3518A8351E0031514A /* Declare.h in Headers */ = {isa = PBXBuildFile; fileRef = 0144DF3318A8351E0031514A /* Declare.h */; };
/* End PBXBuildFile section */

/* Begin PBXFileReference section */
		0144DF1618A81EE40031514A /* Practique.dylib */ = {isa = PBXFileReference; explicitFileType = "compiled.mach-o.dylib"; includeInIndex = 0; path = Practique.dylib; sourceTree = BUILT_PRODUCTS_DIR; };
		0144DF1918A81EE40031514A /* Foundation.framework */ = {isa = PBXFileReference; lastKnownFileType = wrapper.framework; name = Foundation.framework; path = System/Library/Frameworks/Foundation.framework; sourceTree = SDKROOT; };
		0144DF1E18A81EE40031514A /* control.txt */ = {isa = PBXFileReference; lastKnownFileType = text; name = control.txt; path = Package/DEBIAN/control.txt; sourceTree = "<group>"; };
		0144DF1F18A81EE40031514A /* control */ = {isa = PBXFileReference; lastKnownFileType = text; name = control; path = Package/DEBIAN/control; sourceTree = "<group>"; };
		0144DF2118A81EE40031514A /* PackageVersion.plist */ = {isa = PBXFileReference; lastKnownFileType = text.plist.xml; path = PackageVersion.plist; sourceTree = "<group>"; };
		0144DF2218A81EE40031514A /* Practique-Prefix.pch */ = {isa = PBXFileReference; lastKnownFileType = sourcecode.c.h; path = "Practique-Prefix.pch"; sourceTree = "<group>"; };
		0144DF2318A81EE40031514A /* Practique.xm */ = {isa = PBXFileReference; lastKnownFileType = sourcecode.cpp.objcpp; path = Practique.xm; sourceTree = "<group>"; xcLanguageSpecificationIdentifier = xcode.lang.objcpp; };
		0144DF2418A81EE40031514A /* Practique.mm */ = {isa = PBXFileReference; lastKnownFileType = sourcecode.cpp.objcpp; path = Practique.mm; sourceTree = "<group>"; };
		0144DF2918A81EE40031514A /* Practique.plist */ = {isa = PBXFileReference; lastKnownFileType = text.plist.xml; name = Practique.plist; path = Package/Library/MobileSubstrate/DynamicLibraries/Practique.plist; sourceTree = "<group>"; };
		0144DF2F18A81F390031514A /* libsubstrate.dylib */ = {isa = PBXFileReference; lastKnownFileType = "compiled.mach-o.dylib"; name = libsubstrate.dylib; path = ../../../../opt/iOSOpenDev/lib/libsubstrate.dylib; sourceTree = "<group>"; };
		0144DF3118A81FF40031514A /* UIKit.framework */ = {isa = PBXFileReference; lastKnownFileType = wrapper.framework; name = UIKit.framework; path = System/Library/Frameworks/UIKit.framework; sourceTree = SDKROOT; };
		0144DF3318A8351E0031514A /* Declare.h */ = {isa = PBXFileReference; fileEncoding = 4; lastKnownFileType = sourcecode.c.h; path = Declare.h; sourceTree = "<group>"; };
/* End PBXFileReference section */

/* Begin PBXFrameworksBuildPhase section */
		0144DF1218A81EE40031514A /* Frameworks */ = {
			isa = PBXFrameworksBuildPhase;
			buildActionMask = 2147483647;
			files = (
				0144DF3218A81FF40031514A /* UIKit.framework in Frameworks */,
				0144DF3018A81F390031514A /* libsubstrate.dylib in Frameworks */,
				0144DF1A18A81EE40031514A /* Foundation.framework in Frameworks */,
			);
			runOnlyForDeploymentPostprocessing = 0;
		};
/* End PBXFrameworksBuildPhase section */

/* Begin PBXGroup section */
		0144DF0B18A81EE30031514A = {
			isa = PBXGroup;
			children = (
				0144DF1B18A81EE40031514A /* Practique */,
				0144DF1818A81EE40031514A /* Frameworks */,
				0144DF1718A81EE40031514A /* Products */,
			);
			sourceTree = "<group>";
		};
		0144DF1718A81EE40031514A /* Products */ = {
			isa = PBXGroup;
			children = (
				0144DF1618A81EE40031514A /* Practique.dylib */,
			);
			name = Products;
			sourceTree = "<group>";
		};
		0144DF1818A81EE40031514A /* Frameworks */ = {
			isa = PBXGroup;
			children = (
				0144DF2F18A81F390031514A /* libsubstrate.dylib */,
				0144DF3118A81FF40031514A /* UIKit.framework */,
				0144DF1918A81EE40031514A /* Foundation.framework */,
			);
			name = Frameworks;
			sourceTree = "<group>";
		};
		0144DF1B18A81EE40031514A /* Practique */ = {
			isa = PBXGroup;
			children = (
				0144DF2318A81EE40031514A /* Practique.xm */,
				0144DF3318A8351E0031514A /* Declare.h */,
				0144DF2418A81EE40031514A /* Practique.mm */,
				0144DF1C18A81EE40031514A /* Package */,
				0144DF2018A81EE40031514A /* Supporting Files */,
			);
			path = Practique;
			sourceTree = "<group>";
		};
		0144DF1C18A81EE40031514A /* Package */ = {
			isa = PBXGroup;
			children = (
				0144DF1D18A81EE40031514A /* DEBIAN */,
				0144DF2618A81EE40031514A /* Library */,
			);
			name = Package;
			sourceTree = "<group>";
		};
		0144DF1D18A81EE40031514A /* DEBIAN */ = {
			isa = PBXGroup;
			children = (
				0144DF1E18A81EE40031514A /* control.txt */,
				0144DF1F18A81EE40031514A /* control */,
			);
			name = DEBIAN;
			sourceTree = "<group>";
		};
		0144DF2018A81EE40031514A /* Supporting Files */ = {
			isa = PBXGroup;
			children = (
				0144DF2118A81EE40031514A /* PackageVersion.plist */,
				0144DF2218A81EE40031514A /* Practique-Prefix.pch */,
			);
			name = "Supporting Files";
			sourceTree = "<group>";
		};
		0144DF2618A81EE40031514A /* Library */ = {
			isa = PBXGroup;
			children = (
				0144DF2718A81EE40031514A /* MobileSubstrate */,
			);
			name = Library;
			sourceTree = "<group>";
		};
		0144DF2718A81EE40031514A /* MobileSubstrate */ = {
			isa = PBXGroup;
			children = (
				0144DF2818A81EE40031514A /* DynamicLibraries */,
			);
			name = MobileSubstrate;
			sourceTree = "<group>";
		};
		0144DF2818A81EE40031514A /* DynamicLibraries */ = {
			isa = PBXGroup;
			children = (
				0144DF2918A81EE40031514A /* Practique.plist */,
			);
			name = DynamicLibraries;
			sourceTree = "<group>";
		};
/* End PBXGroup section */

/* Begin PBXHeadersBuildPhase section */
		0144DF1318A81EE40031514A /* Headers */ = {
			isa = PBXHeadersBuildPhase;
			buildActionMask = 2147483647;
			files = (
				0144DF3518A8351E0031514A /* Declare.h in Headers */,
			);
			runOnlyForDeploymentPostprocessing = 0;
		};
/* End PBXHeadersBuildPhase section */

/* Begin PBXNativeTarget section */
		0144DF1518A81EE40031514A /* Practique */ = {
			isa = PBXNativeTarget;
			buildConfigurationList = 0144DF2C18A81EE40031514A /* Build configuration list for PBXNativeTarget "Practique" */;
			buildPhases = (
				0144DF1018A81EE40031514A /* ShellScript */,
				0144DF1118A81EE40031514A /* Sources */,
				0144DF1218A81EE40031514A /* Frameworks */,
				0144DF1318A81EE40031514A /* Headers */,
				0144DF1418A81EE40031514A /* ShellScript */,
			);
			buildRules = (
			);
			dependencies = (
			);
			name = Practique;
			productName = Practique;
			productReference = 0144DF1618A81EE40031514A /* Practique.dylib */;
			productType = "com.apple.product-type.library.dynamic";
		};
/* End PBXNativeTarget section */

/* Begin PBXProject section */
		0144DF0C18A81EE30031514A /* Project object */ = {
			isa = PBXProject;
			attributes = {
				LastUpgradeCheck = 0500;
			};
			buildConfigurationList = 0144DF0F18A81EE30031514A /* Build configuration list for PBXProject "Practique" */;
			compatibilityVersion = "Xcode 3.2";
			developmentRegion = English;
			hasScannedForEncodings = 0;
			knownRegions = (
				en,
			);
			mainGroup = 0144DF0B18A81EE30031514A;
			productRefGroup = 0144DF1718A81EE40031514A /* Products */;
			projectDirPath = "";
			projectRoot = "";
			targets = (
				0144DF1518A81EE40031514A /* Practique */,
			);
		};
/* End PBXProject section */

/* Begin PBXShellScriptBuildPhase section */
		0144DF1018A81EE40031514A /* ShellScript */ = {
			isa = PBXShellScriptBuildPhase;
			buildActionMask = 2147483647;
			files = (
			);
			inputPaths = (
			);
			outputPaths = (
			);
			runOnlyForDeploymentPostprocessing = 0;
			shellPath = /bin/sh;
			shellScript = "/opt/iOSOpenDev/bin/iosod --xcbp-logos";
		};
		0144DF1418A81EE40031514A /* ShellScript */ = {
			isa = PBXShellScriptBuildPhase;
			buildActionMask = 2147483647;
			files = (
			);
			inputPaths = (
			);
			outputPaths = (
			);
			runOnlyForDeploymentPostprocessing = 0;
			shellPath = /bin/sh;
			shellScript = "/opt/iOSOpenDev/bin/iosod --xcbp";
		};
/* End PBXShellScriptBuildPhase section */

/* Begin PBXSourcesBuildPhase section */
		0144DF1118A81EE40031514A /* Sources */ = {
			isa = PBXSourcesBuildPhase;
			buildActionMask = 2147483647;
			files = (
				0144DF2518A81EE40031514A /* Practique.mm in Sources */,
			);
			runOnlyForDeploymentPostprocessing = 0;
		};
/* End PBXSourcesBuildPhase section */

/* Begin XCBuildConfiguration section */
		0144DF2A18A81EE40031514A /* Debug */ = {
			isa = XCBuildConfiguration;
			buildSettings = {
				ARCHS = "$(ARCHS_STANDARD_INCLUDING_64_BIT)";
				CLANG_ENABLE_MODULES = YES;
				COPY_PHASE_STRIP = NO;
				EXCLUDED_RECURSIVE_SEARCH_PATH_SUBDIRECTORIES = "*.nib *.lproj *.gch (*) .DS_Store CVS .svn .git .hg *.xcodeproj *.xcode *.pbproj *.pbxproj";
				FRAMEWORK_SEARCH_PATHS = (
					"$(iOSOpenDevPath)/frameworks/**",
					"$(SDKROOT)/System/Library/PrivateFrameworks",
				);
				GCC_C_LANGUAGE_STANDARD = gnu99;
				GCC_DYNAMIC_NO_PIC = NO;
				GCC_OPTIMIZATION_LEVEL = 0;
				GCC_PREPROCESSOR_DEFINITIONS = (
					"DEBUG=1",
					"$(inherited)",
				);
				GCC_SYMBOLS_PRIVATE_EXTERN = NO;
				GCC_WARN_ABOUT_MISSING_PROTOTYPES = YES;
				GCC_WARN_ABOUT_RETURN_TYPE = YES;
				GCC_WARN_UNUSED_VARIABLE = YES;
				HEADER_SEARCH_PATHS = "$(iOSOpenDevPath)/include/**";
				IPHONEOS_DEPLOYMENT_TARGET = 7.0;
				LIBRARY_SEARCH_PATHS = "$(iOSOpenDevPath)/lib/**";
				ONLY_ACTIVE_ARCH = YES;
				SDKROOT = iphoneos;
				TARGETED_DEVICE_FAMILY = "1,2";
				VALIDATE_PRODUCT = NO;
				iOSOpenDevPath = /opt/iOSOpenDev;
			};
			name = Debug;
		};
		0144DF2B18A81EE40031514A /* Release */ = {
			isa = XCBuildConfiguration;
			buildSettings = {
				ARCHS = "$(ARCHS_STANDARD_INCLUDING_64_BIT)";
				CLANG_ENABLE_MODULES = YES;
				COPY_PHASE_STRIP = YES;
				EXCLUDED_RECURSIVE_SEARCH_PATH_SUBDIRECTORIES = "*.nib *.lproj *.gch (*) .DS_Store CVS .svn .git .hg *.xcodeproj *.xcode *.pbproj *.pbxproj";
				FRAMEWORK_SEARCH_PATHS = (
					"$(iOSOpenDevPath)/frameworks/**",
					"$(SDKROOT)/System/Library/PrivateFrameworks",
				);
				GCC_C_LANGUAGE_STANDARD = gnu99;
				GCC_WARN_ABOUT_MISSING_PROTOTYPES = YES;
				GCC_WARN_ABOUT_RETURN_TYPE = YES;
				GCC_WARN_UNUSED_VARIABLE = YES;
				HEADER_SEARCH_PATHS = "$(iOSOpenDevPath)/include/**";
				IPHONEOS_DEPLOYMENT_TARGET = 7.0;
				LIBRARY_SEARCH_PATHS = "$(iOSOpenDevPath)/lib/**";
				SDKROOT = iphoneos;
				TARGETED_DEVICE_FAMILY = "1,2";
				VALIDATE_PRODUCT = YES;
				iOSOpenDevPath = /opt/iOSOpenDev;
			};
			name = Release;
		};
		0144DF2D18A81EE40031514A /* Debug */ = {
			isa = XCBuildConfiguration;
			buildSettings = {
				CODE_SIGN_IDENTITY = "";
				DYLIB_COMPATIBILITY_VERSION = 1;
				DYLIB_CURRENT_VERSION = 1;
				GCC_PRECOMPILE_PREFIX_HEADER = YES;
				GCC_PREFIX_HEADER = "Practique/Practique-Prefix.pch";
				INSTALL_PATH = /Library/MobileSubstrate/DynamicLibraries;
				LIBRARY_SEARCH_PATHS = (
					"$(inherited)",
					/opt/iOSOpenDev/lib,
				);
				PRODUCT_NAME = "$(TARGET_NAME)";
				iOSOpenDevBuildPackageOnAnyBuild = NO;
				iOSOpenDevCopyOnBuild = NO;
				iOSOpenDevDevice = "";
				iOSOpenDevInstallOnAnyBuild = NO;
				iOSOpenDevInstallOnProfiling = YES;
				iOSOpenDevRespringOnInstall = YES;
				iOSOpenDevUsePackageVersionPList = YES;
			};
			name = Debug;
		};
		0144DF2E18A81EE40031514A /* Release */ = {
			isa = XCBuildConfiguration;
			buildSettings = {
				CODE_SIGN_IDENTITY = "";
				DYLIB_COMPATIBILITY_VERSION = 1;
				DYLIB_CURRENT_VERSION = 1;
				GCC_PRECOMPILE_PREFIX_HEADER = YES;
				GCC_PREFIX_HEADER = "Practique/Practique-Prefix.pch";
				INSTALL_PATH = /Library/MobileSubstrate/DynamicLibraries;
				LIBRARY_SEARCH_PATHS = (
					"$(inherited)",
					/opt/iOSOpenDev/lib,
				);
				PRODUCT_NAME = "$(TARGET_NAME)";
				iOSOpenDevBuildPackageOnAnyBuild = NO;
				iOSOpenDevCopyOnBuild = NO;
				iOSOpenDevDevice = "";
				iOSOpenDevInstallOnAnyBuild = NO;
				iOSOpenDevInstallOnProfiling = YES;
				iOSOpenDevRespringOnInstall = YES;
				iOSOpenDevUsePackageVersionPList = YES;
			};
			name = Release;
		};
/* End XCBuildConfiguration section */

/* Begin XCConfigurationList section */
		0144DF0F18A81EE30031514A /* Build configuration list for PBXProject "Practique" */ = {
			isa = XCConfigurationList;
			buildConfigurations = (
				0144DF2A18A81EE40031514A /* Debug */,
				0144DF2B18A81EE40031514A /* Release */,
			);
			defaultConfigurationIsVisible = 0;
			defaultConfigurationName = Release;
		};
		0144DF2C18A81EE40031514A /* Build configuration list for PBXNativeTarget "Practique" */ = {
			isa = XCConfigurationList;
			buildConfigurations = (
				0144DF2D18A81EE40031514A /* Debug */,
				0144DF2E18A81EE40031514A /* Release */,
			);
			defaultConfigurationIsVisible = 0;
			defaultConfigurationName = Release;
		};
/* End XCConfigurationList section */
	};
	rootObject = 0144DF0C18A81EE30031514A /* Project object */;
}
